// !$*UTF8*$!
{
	archiveVersion = 1;
	classes = {
	};
	objectVersion = 46;
	objects = {

/* Begin PBXBuildFile section */
		0401D4B51BE2D90A007B5F39 /* TrackOBotViewController.swift in Sources */ = {isa = PBXBuildFile; fileRef = 0401D4B41BE2D90A007B5F39 /* TrackOBotViewController.swift */; };
		0416A05E1BA1780800F930FC /* ResultTableViewCell.swift in Sources */ = {isa = PBXBuildFile; fileRef = 0416A05D1BA1780800F930FC /* ResultTableViewCell.swift */; };
		0446F0741BA1B26C00B73014 /* LaunchScreen.storyboard in Resources */ = {isa = PBXBuildFile; fileRef = 0446F0731BA1B26C00B73014 /* LaunchScreen.storyboard */; };
		045096441B9E0E150059BB7A /* AppDelegate.swift in Sources */ = {isa = PBXBuildFile; fileRef = 045096431B9E0E150059BB7A /* AppDelegate.swift */; };
		045096461B9E0E150059BB7A /* AddGameViewController.swift in Sources */ = {isa = PBXBuildFile; fileRef = 045096451B9E0E150059BB7A /* AddGameViewController.swift */; };
		045096481B9E0E150059BB7A /* AccountViewController.swift in Sources */ = {isa = PBXBuildFile; fileRef = 045096471B9E0E150059BB7A /* AccountViewController.swift */; };
		0450964B1B9E0E150059BB7A /* Main.storyboard in Resources */ = {isa = PBXBuildFile; fileRef = 045096491B9E0E150059BB7A /* Main.storyboard */; };
		0450964D1B9E0E150059BB7A /* Images.xcassets in Resources */ = {isa = PBXBuildFile; fileRef = 0450964C1B9E0E150059BB7A /* Images.xcassets */; };
		045096661B9E32370059BB7A /* TrackOBot.swift in Sources */ = {isa = PBXBuildFile; fileRef = 045096651B9E32370059BB7A /* TrackOBot.swift */; };
		046B82701D1B275800130621 /* MoreViewController.swift in Sources */ = {isa = PBXBuildFile; fileRef = 046B826F1D1B275800130621 /* MoreViewController.swift */; };
		0493A8C81BE03417006A5281 /* LoginViewController.swift in Sources */ = {isa = PBXBuildFile; fileRef = 0493A8C71BE03417006A5281 /* LoginViewController.swift */; };
		049826ED1C775E4900591C68 /* StatsViewController.swift in Sources */ = {isa = PBXBuildFile; fileRef = 049826EC1C775E4900591C68 /* StatsViewController.swift */; };
		04A4A9CC1BEC0D56009FFBF2 /* logo-golden.png in Resources */ = {isa = PBXBuildFile; fileRef = 04A4A9CB1BEC0D56009FFBF2 /* logo-golden.png */; };
		04B5E9C31B9F2A2300F99321 /* HistoryViewController.swift in Sources */ = {isa = PBXBuildFile; fileRef = 04B5E9C21B9F2A2300F99321 /* HistoryViewController.swift */; };
		04C41A021BA2E87600A01261 /* HeroPickerItem.swift in Sources */ = {isa = PBXBuildFile; fileRef = 04C41A011BA2E87600A01261 /* HeroPickerItem.swift */; };
		04C862611D18B1840048D44E /* Charts.framework in Frameworks */ = {isa = PBXBuildFile; fileRef = 04BCEBB31D1877DF007558CE /* Charts.framework */; };
		04C862621D18B1840048D44E /* Charts.framework in Embed Frameworks */ = {isa = PBXBuildFile; fileRef = 04BCEBB31D1877DF007558CE /* Charts.framework */; settings = {ATTRIBUTES = (CodeSignOnCopy, RemoveHeadersOnCopy, ); }; };
/* End PBXBuildFile section */

/* Begin PBXContainerItemProxy section */
		04BCEBB21D1877DF007558CE /* PBXContainerItemProxy */ = {
			isa = PBXContainerItemProxy;
			containerPortal = 04BCEBAB1D1877DF007558CE /* Charts.xcodeproj */;
			proxyType = 2;
			remoteGlobalIDString = 5BA8EC401A9D14DC00CE82E1;
			remoteInfo = "Charts-iOS";
		};
		04C862631D18B1840048D44E /* PBXContainerItemProxy */ = {
			isa = PBXContainerItemProxy;
			containerPortal = 04BCEBAB1D1877DF007558CE /* Charts.xcodeproj */;
			proxyType = 1;
			remoteGlobalIDString = 5BA8EC3F1A9D14DC00CE82E1;
			remoteInfo = "Charts-iOS";
		};
/* End PBXContainerItemProxy section */

/* Begin PBXCopyFilesBuildPhase section */
		0462BE551C84F4C000D0F3C4 /* Embed Frameworks */ = {
			isa = PBXCopyFilesBuildPhase;
			buildActionMask = 2147483647;
			dstPath = "";
			dstSubfolderSpec = 10;
			files = (
				04C862621D18B1840048D44E /* Charts.framework in Embed Frameworks */,
			);
			name = "Embed Frameworks";
			runOnlyForDeploymentPostprocessing = 0;
		};
/* End PBXCopyFilesBuildPhase section */

/* Begin PBXFileReference section */
		0401D4B41BE2D90A007B5F39 /* TrackOBotViewController.swift */ = {isa = PBXFileReference; fileEncoding = 4; lastKnownFileType = sourcecode.swift; path = TrackOBotViewController.swift; sourceTree = "<group>"; };
		0416A05D1BA1780800F930FC /* ResultTableViewCell.swift */ = {isa = PBXFileReference; fileEncoding = 4; lastKnownFileType = sourcecode.swift; path = ResultTableViewCell.swift; sourceTree = "<group>"; };
		0446F0731BA1B26C00B73014 /* LaunchScreen.storyboard */ = {isa = PBXFileReference; fileEncoding = 4; lastKnownFileType = file.storyboard; path = LaunchScreen.storyboard; sourceTree = "<group>"; };
		0450963E1B9E0E140059BB7A /* Track-o-Bot Companion.app */ = {isa = PBXFileReference; explicitFileType = wrapper.application; includeInIndex = 0; path = "Track-o-Bot Companion.app"; sourceTree = BUILT_PRODUCTS_DIR; };
		045096421B9E0E150059BB7A /* Info.plist */ = {isa = PBXFileReference; lastKnownFileType = text.plist.xml; path = Info.plist; sourceTree = "<group>"; };
		045096431B9E0E150059BB7A /* AppDelegate.swift */ = {isa = PBXFileReference; lastKnownFileType = sourcecode.swift; path = AppDelegate.swift; sourceTree = "<group>"; };
		045096451B9E0E150059BB7A /* AddGameViewController.swift */ = {isa = PBXFileReference; lastKnownFileType = sourcecode.swift; path = AddGameViewController.swift; sourceTree = "<group>"; };
		045096471B9E0E150059BB7A /* AccountViewController.swift */ = {isa = PBXFileReference; lastKnownFileType = sourcecode.swift; path = AccountViewController.swift; sourceTree = "<group>"; };
		0450964A1B9E0E150059BB7A /* Base */ = {isa = PBXFileReference; lastKnownFileType = file.storyboard; name = Base; path = Base.lproj/Main.storyboard; sourceTree = "<group>"; };
		0450964C1B9E0E150059BB7A /* Images.xcassets */ = {isa = PBXFileReference; lastKnownFileType = folder.assetcatalog; path = Images.xcassets; sourceTree = "<group>"; };
		045096651B9E32370059BB7A /* TrackOBot.swift */ = {isa = PBXFileReference; fileEncoding = 4; lastKnownFileType = sourcecode.swift; path = TrackOBot.swift; sourceTree = "<group>"; };
		046B826F1D1B275800130621 /* MoreViewController.swift */ = {isa = PBXFileReference; fileEncoding = 4; lastKnownFileType = sourcecode.swift; path = MoreViewController.swift; sourceTree = "<group>"; };
		0493A8C71BE03417006A5281 /* LoginViewController.swift */ = {isa = PBXFileReference; fileEncoding = 4; lastKnownFileType = sourcecode.swift; path = LoginViewController.swift; sourceTree = "<group>"; };
		049826EC1C775E4900591C68 /* StatsViewController.swift */ = {isa = PBXFileReference; fileEncoding = 4; lastKnownFileType = sourcecode.swift; path = StatsViewController.swift; sourceTree = "<group>"; };
		04A4A9CB1BEC0D56009FFBF2 /* logo-golden.png */ = {isa = PBXFileReference; lastKnownFileType = image.png; name = "logo-golden.png"; path = "Images.xcassets/logo-golden.imageset/logo-golden.png"; sourceTree = "<group>"; };
		04B5E9C21B9F2A2300F99321 /* HistoryViewController.swift */ = {isa = PBXFileReference; fileEncoding = 4; lastKnownFileType = sourcecode.swift; path = HistoryViewController.swift; sourceTree = "<group>"; };
		04BCEBAB1D1877DF007558CE /* Charts.xcodeproj */ = {isa = PBXFileReference; lastKnownFileType = "wrapper.pb-project"; name = Charts.xcodeproj; path = Charts/Charts.xcodeproj; sourceTree = "<group>"; };
		04C41A011BA2E87600A01261 /* HeroPickerItem.swift */ = {isa = PBXFileReference; fileEncoding = 4; lastKnownFileType = sourcecode.swift; path = HeroPickerItem.swift; sourceTree = "<group>"; };
/* End PBXFileReference section */

/* Begin PBXFrameworksBuildPhase section */
		0450963B1B9E0E140059BB7A /* Frameworks */ = {
			isa = PBXFrameworksBuildPhase;
			buildActionMask = 2147483647;
			files = (
				04C862611D18B1840048D44E /* Charts.framework in Frameworks */,
			);
			runOnlyForDeploymentPostprocessing = 0;
		};
/* End PBXFrameworksBuildPhase section */

/* Begin PBXGroup section */
		042931691C84F8D0005E2236 /* UIComponents */ = {
			isa = PBXGroup;
			children = (
				0416A05D1BA1780800F930FC /* ResultTableViewCell.swift */,
				04C41A011BA2E87600A01261 /* HeroPickerItem.swift */,
			);
			name = UIComponents;
			sourceTree = "<group>";
		};
		0429316A1C84F916005E2236 /* API */ = {
			isa = PBXGroup;
			children = (
				045096651B9E32370059BB7A /* TrackOBot.swift */,
			);
			name = API;
			sourceTree = "<group>";
		};
		045096351B9E0E140059BB7A = {
			isa = PBXGroup;
			children = (
				04BCEBAB1D1877DF007558CE /* Charts.xcodeproj */,
				045096401B9E0E140059BB7A /* Track-o-Bot Companion */,
			);
			sourceTree = "<group>";
		};
		0450963F1B9E0E140059BB7A /* Products */ = {
			isa = PBXGroup;
			children = (
				0450963E1B9E0E140059BB7A /* Track-o-Bot Companion.app */,
			);
			name = Products;
			path = ..;
			sourceTree = "<group>";
		};
		045096401B9E0E140059BB7A /* Track-o-Bot Companion */ = {
			isa = PBXGroup;
			children = (
				0429316A1C84F916005E2236 /* API */,
				042931691C84F8D0005E2236 /* UIComponents */,
				0462BE561C84F4D800D0F3C4 /* ViewController */,
				045096431B9E0E150059BB7A /* AppDelegate.swift */,
				045096491B9E0E150059BB7A /* Main.storyboard */,
				0446F0731BA1B26C00B73014 /* LaunchScreen.storyboard */,
				0450964C1B9E0E150059BB7A /* Images.xcassets */,
				045096411B9E0E140059BB7A /* Supporting Files */,
				0450963F1B9E0E140059BB7A /* Products */,
			);
			path = "Track-o-Bot Companion";
			sourceTree = "<group>";
		};
		045096411B9E0E140059BB7A /* Supporting Files */ = {
			isa = PBXGroup;
			children = (
				04A4A9CB1BEC0D56009FFBF2 /* logo-golden.png */,
				045096421B9E0E150059BB7A /* Info.plist */,
			);
			name = "Supporting Files";
			sourceTree = "<group>";
		};
		0462BE561C84F4D800D0F3C4 /* ViewController */ = {
			isa = PBXGroup;
			children = (
				045096451B9E0E150059BB7A /* AddGameViewController.swift */,
				045096471B9E0E150059BB7A /* AccountViewController.swift */,
				04B5E9C21B9F2A2300F99321 /* HistoryViewController.swift */,
				0493A8C71BE03417006A5281 /* LoginViewController.swift */,
				0401D4B41BE2D90A007B5F39 /* TrackOBotViewController.swift */,
				049826EC1C775E4900591C68 /* StatsViewController.swift */,
				046B826F1D1B275800130621 /* MoreViewController.swift */,
			);
			name = ViewController;
			sourceTree = "<group>";
		};
		04BCEBAC1D1877DF007558CE /* Products */ = {
			isa = PBXGroup;
			children = (
				04BCEBB31D1877DF007558CE /* Charts.framework */,
			);
			name = Products;
			sourceTree = "<group>";
		};
/* End PBXGroup section */

/* Begin PBXNativeTarget section */
		0450963D1B9E0E140059BB7A /* Track-o-Bot Companion */ = {
			isa = PBXNativeTarget;
			buildConfigurationList = 0450965F1B9E0E150059BB7A /* Build configuration list for PBXNativeTarget "Track-o-Bot Companion" */;
			buildPhases = (
				0450963A1B9E0E140059BB7A /* Sources */,
				0450963B1B9E0E140059BB7A /* Frameworks */,
				0450963C1B9E0E140059BB7A /* Resources */,
				0462BE551C84F4C000D0F3C4 /* Embed Frameworks */,
			);
			buildRules = (
			);
			dependencies = (
				04C862641D18B1840048D44E /* PBXTargetDependency */,
			);
			name = "Track-o-Bot Companion";
			productName = "Track-o-Bot Companion";
			productReference = 0450963E1B9E0E140059BB7A /* Track-o-Bot Companion.app */;
			productType = "com.apple.product-type.application";
		};
/* End PBXNativeTarget section */

/* Begin PBXProject section */
		045096361B9E0E140059BB7A /* Project object */ = {
			isa = PBXProject;
			attributes = {
				LastSwiftUpdateCheck = 0700;
				LastUpgradeCheck = 0700;
				ORGANIZATIONNAME = "Julian Eberius";
				TargetAttributes = {
					0450963D1B9E0E140059BB7A = {
						CreatedOnToolsVersion = 6.4;
						DevelopmentTeam = F9QMYGXL5S;
					};
				};
			};
			buildConfigurationList = 045096391B9E0E140059BB7A /* Build configuration list for PBXProject "Track-o-Bot Companion" */;
			compatibilityVersion = "Xcode 3.2";
			developmentRegion = English;
			hasScannedForEncodings = 0;
			knownRegions = (
				en,
				Base,
			);
			mainGroup = 045096351B9E0E140059BB7A;
			productRefGroup = 0450963F1B9E0E140059BB7A /* Products */;
			projectDirPath = "";
			projectReferences = (
				{
					ProductGroup = 04BCEBAC1D1877DF007558CE /* Products */;
					ProjectRef = 04BCEBAB1D1877DF007558CE /* Charts.xcodeproj */;
				},
			);
			projectRoot = "";
			targets = (
				0450963D1B9E0E140059BB7A /* Track-o-Bot Companion */,
			);
		};
/* End PBXProject section */

/* Begin PBXReferenceProxy section */
		04BCEBB31D1877DF007558CE /* Charts.framework */ = {
			isa = PBXReferenceProxy;
			fileType = wrapper.framework;
			path = Charts.framework;
			remoteRef = 04BCEBB21D1877DF007558CE /* PBXContainerItemProxy */;
			sourceTree = BUILT_PRODUCTS_DIR;
		};
/* End PBXReferenceProxy section */

/* Begin PBXResourcesBuildPhase section */
		0450963C1B9E0E140059BB7A /* Resources */ = {
			isa = PBXResourcesBuildPhase;
			buildActionMask = 2147483647;
			files = (
				0450964B1B9E0E150059BB7A /* Main.storyboard in Resources */,
				04A4A9CC1BEC0D56009FFBF2 /* logo-golden.png in Resources */,
				0446F0741BA1B26C00B73014 /* LaunchScreen.storyboard in Resources */,
				0450964D1B9E0E150059BB7A /* Images.xcassets in Resources */,
			);
			runOnlyForDeploymentPostprocessing = 0;
		};
/* End PBXResourcesBuildPhase section */

/* Begin PBXSourcesBuildPhase section */
		0450963A1B9E0E140059BB7A /* Sources */ = {
			isa = PBXSourcesBuildPhase;
			buildActionMask = 2147483647;
			files = (
				0401D4B51BE2D90A007B5F39 /* TrackOBotViewController.swift in Sources */,
				045096481B9E0E150059BB7A /* AccountViewController.swift in Sources */,
				04C41A021BA2E87600A01261 /* HeroPickerItem.swift in Sources */,
				049826ED1C775E4900591C68 /* StatsViewController.swift in Sources */,
				046B82701D1B275800130621 /* MoreViewController.swift in Sources */,
				045096441B9E0E150059BB7A /* AppDelegate.swift in Sources */,
				045096461B9E0E150059BB7A /* AddGameViewController.swift in Sources */,
				0493A8C81BE03417006A5281 /* LoginViewController.swift in Sources */,
				04B5E9C31B9F2A2300F99321 /* HistoryViewController.swift in Sources */,
				0416A05E1BA1780800F930FC /* ResultTableViewCell.swift in Sources */,
				045096661B9E32370059BB7A /* TrackOBot.swift in Sources */,
			);
			runOnlyForDeploymentPostprocessing = 0;
		};
/* End PBXSourcesBuildPhase section */

/* Begin PBXTargetDependency section */
		04C862641D18B1840048D44E /* PBXTargetDependency */ = {
			isa = PBXTargetDependency;
			name = "Charts-iOS";
			targetProxy = 04C862631D18B1840048D44E /* PBXContainerItemProxy */;
		};
/* End PBXTargetDependency section */

/* Begin PBXVariantGroup section */
		045096491B9E0E150059BB7A /* Main.storyboard */ = {
			isa = PBXVariantGroup;
			children = (
				0450964A1B9E0E150059BB7A /* Base */,
			);
			name = Main.storyboard;
			sourceTree = "<group>";
		};
/* End PBXVariantGroup section */

/* Begin XCBuildConfiguration section */
		0450965D1B9E0E150059BB7A /* Debug */ = {
			isa = XCBuildConfiguration;
			buildSettings = {
				ALWAYS_SEARCH_USER_PATHS = NO;
				CLANG_CXX_LANGUAGE_STANDARD = "gnu++0x";
				CLANG_CXX_LIBRARY = "libc++";
				CLANG_ENABLE_MODULES = YES;
				CLANG_ENABLE_OBJC_ARC = YES;
				CLANG_WARN_BOOL_CONVERSION = YES;
				CLANG_WARN_CONSTANT_CONVERSION = YES;
				CLANG_WARN_DIRECT_OBJC_ISA_USAGE = YES_ERROR;
				CLANG_WARN_EMPTY_BODY = YES;
				CLANG_WARN_ENUM_CONVERSION = YES;
				CLANG_WARN_INT_CONVERSION = YES;
				CLANG_WARN_OBJC_ROOT_CLASS = YES_ERROR;
				CLANG_WARN_UNREACHABLE_CODE = YES;
				CLANG_WARN__DUPLICATE_METHOD_MATCH = YES;
				CODE_SIGN_IDENTITY = "iPhone Developer";
				"CODE_SIGN_IDENTITY[sdk=iphoneos*]" = "iPhone Developer";
				COPY_PHASE_STRIP = NO;
				DEBUG_INFORMATION_FORMAT = "dwarf-with-dsym";
				ENABLE_STRICT_OBJC_MSGSEND = YES;
				ENABLE_TESTABILITY = YES;
				GCC_C_LANGUAGE_STANDARD = gnu99;
				GCC_DYNAMIC_NO_PIC = NO;
				GCC_NO_COMMON_BLOCKS = YES;
				GCC_OPTIMIZATION_LEVEL = 0;
				GCC_PREPROCESSOR_DEFINITIONS = (
					"DEBUG=1",
					"$(inherited)",
				);
				GCC_SYMBOLS_PRIVATE_EXTERN = NO;
				GCC_WARN_64_TO_32_BIT_CONVERSION = YES;
				GCC_WARN_ABOUT_RETURN_TYPE = YES_ERROR;
				GCC_WARN_UNDECLARED_SELECTOR = YES;
				GCC_WARN_UNINITIALIZED_AUTOS = YES_AGGRESSIVE;
				GCC_WARN_UNUSED_FUNCTION = YES;
				GCC_WARN_UNUSED_VARIABLE = YES;
				IPHONEOS_DEPLOYMENT_TARGET = 9.0;
				MTL_ENABLE_DEBUG_INFO = YES;
				ONLY_ACTIVE_ARCH = YES;
				SDKROOT = iphoneos;
				SWIFT_OPTIMIZATION_LEVEL = "-Onone";
				TARGETED_DEVICE_FAMILY = "1,2";
			};
			name = Debug;
		};
		0450965E1B9E0E150059BB7A /* Release */ = {
			isa = XCBuildConfiguration;
			buildSettings = {
				ALWAYS_SEARCH_USER_PATHS = NO;
				CLANG_CXX_LANGUAGE_STANDARD = "gnu++0x";
				CLANG_CXX_LIBRARY = "libc++";
				CLANG_ENABLE_MODULES = YES;
				CLANG_ENABLE_OBJC_ARC = YES;
				CLANG_WARN_BOOL_CONVERSION = YES;
				CLANG_WARN_CONSTANT_CONVERSION = YES;
				CLANG_WARN_DIRECT_OBJC_ISA_USAGE = YES_ERROR;
				CLANG_WARN_EMPTY_BODY = YES;
				CLANG_WARN_ENUM_CONVERSION = YES;
				CLANG_WARN_INT_CONVERSION = YES;
				CLANG_WARN_OBJC_ROOT_CLASS = YES_ERROR;
				CLANG_WARN_UNREACHABLE_CODE = YES;
				CLANG_WARN__DUPLICATE_METHOD_MATCH = YES;
				CODE_SIGN_IDENTITY = "iPhone Distribution";
				"CODE_SIGN_IDENTITY[sdk=iphoneos*]" = "iPhone Distribution";
				COPY_PHASE_STRIP = NO;
				DEBUG_INFORMATION_FORMAT = "dwarf-with-dsym";
				ENABLE_NS_ASSERTIONS = NO;
				ENABLE_STRICT_OBJC_MSGSEND = YES;
				GCC_C_LANGUAGE_STANDARD = gnu99;
				GCC_NO_COMMON_BLOCKS = YES;
				GCC_WARN_64_TO_32_BIT_CONVERSION = YES;
				GCC_WARN_ABOUT_RETURN_TYPE = YES_ERROR;
				GCC_WARN_UNDECLARED_SELECTOR = YES;
				GCC_WARN_UNINITIALIZED_AUTOS = YES_AGGRESSIVE;
				GCC_WARN_UNUSED_FUNCTION = YES;
				GCC_WARN_UNUSED_VARIABLE = YES;
				IPHONEOS_DEPLOYMENT_TARGET = 9.0;
				MTL_ENABLE_DEBUG_INFO = NO;
				SDKROOT = iphoneos;
				TARGETED_DEVICE_FAMILY = "1,2";
				VALIDATE_PRODUCT = YES;
			};
			name = Release;
		};
		045096601B9E0E150059BB7A /* Debug */ = {
			isa = XCBuildConfiguration;
			buildSettings = {
				ASSETCATALOG_COMPILER_APPICON_NAME = AppIcon;
				CODE_SIGN_IDENTITY = "iPhone Developer";
				"CODE_SIGN_IDENTITY[sdk=iphoneos*]" = "iPhone Developer";
				EMBEDDED_CONTENT_CONTAINS_SWIFT = YES;
				INFOPLIST_FILE = "Track-o-Bot Companion/Info.plist";
				IPHONEOS_DEPLOYMENT_TARGET = 9.0;
				LD_RUNPATH_SEARCH_PATHS = "$(inherited) @executable_path/Frameworks";
				PRODUCT_BUNDLE_IDENTIFIER = com.github.julianeberius.trackobotcompanion;
				PRODUCT_NAME = "$(TARGET_NAME)";
				PROVISIONING_PROFILE = "";
			};
			name = Debug;
		};
		045096611B9E0E150059BB7A /* Release */ = {
			isa = XCBuildConfiguration;
			buildSettings = {
				ASSETCATALOG_COMPILER_APPICON_NAME = AppIcon;
				CODE_SIGN_IDENTITY = "iPhone Distribution: Julian Eberius (F9QMYGXL5S)";
				"CODE_SIGN_IDENTITY[sdk=iphoneos*]" = "iPhone Distribution: Julian Eberius (F9QMYGXL5S)";
				EMBEDDED_CONTENT_CONTAINS_SWIFT = YES;
				INFOPLIST_FILE = "Track-o-Bot Companion/Info.plist";
				IPHONEOS_DEPLOYMENT_TARGET = 9.0;
				LD_RUNPATH_SEARCH_PATHS = "$(inherited) @executable_path/Frameworks";
				PRODUCT_BUNDLE_IDENTIFIER = com.github.julianeberius.trackobotcompanion;
				PRODUCT_NAME = "$(TARGET_NAME)";
				PROVISIONING_PROFILE = "f71cd7b3-0e52-4306-9ed9-5f4ffc34bb47";
			};
			name = Release;
		};
/* End XCBuildConfiguration section */

/* Begin XCConfigurationList section */
		045096391B9E0E140059BB7A /* Build configuration list for PBXProject "Track-o-Bot Companion" */ = {
			isa = XCConfigurationList;
			buildConfigurations = (
				0450965D1B9E0E150059BB7A /* Debug */,
				0450965E1B9E0E150059BB7A /* Release */,
			);
			defaultConfigurationIsVisible = 0;
			defaultConfigurationName = Release;
		};
		0450965F1B9E0E150059BB7A /* Build configuration list for PBXNativeTarget "Track-o-Bot Companion" */ = {
			isa = XCConfigurationList;
			buildConfigurations = (
				045096601B9E0E150059BB7A /* Debug */,
				045096611B9E0E150059BB7A /* Release */,
			);
			defaultConfigurationIsVisible = 0;
			defaultConfigurationName = Release;
		};
/* End XCConfigurationList section */
	};
	rootObject = 045096361B9E0E140059BB7A /* Project object */;
}
