// !$*UTF8*$!
{
	archiveVersion = 1;
	classes = {
	};
	objectVersion = 46;
	objects = {

/* Begin PBXBuildFile section */
		0401D4B51BE2D90A007B5F39 /* TrackOBotViewController.swift in Sources */ = {isa = PBXBuildFile; fileRef = 0401D4B41BE2D90A007B5F39 /* TrackOBotViewController.swift */; };
		0416A05E1BA1780800F930FC /* ResultTableViewCell.swift in Sources */ = {isa = PBXBuildFile; fileRef = 0416A05D1BA1780800F930FC /* ResultTableViewCell.swift */; };
		0446F0741BA1B26C00B73014 /* LaunchScreen.storyboard in Resources */ = {isa = PBXBuildFile; fileRef = 0446F0731BA1B26C00B73014 /* LaunchScreen.storyboard */; };
		045096441B9E0E150059BB7A /* AppDelegate.swift in Sources */ = {isa = PBXBuildFile; fileRef = 045096431B9E0E150059BB7A /* AppDelegate.swift */; };
		045096461B9E0E150059BB7A /* AddGameViewController.swift in Sources */ = {isa = PBXBuildFile; fileRef = 045096451B9E0E150059BB7A /* AddGameViewController.swift */; };
		045096481B9E0E150059BB7A /* AccountViewController.swift in Sources */ = {isa = PBXBuildFile; fileRef = 045096471B9E0E150059BB7A /* AccountViewController.swift */; };
		0450964B1B9E0E150059BB7A /* Main.storyboard in Resources */ = {isa = PBXBuildFile; fileRef = 045096491B9E0E150059BB7A /* Main.storyboard */; };
		0450964D1B9E0E150059BB7A /* Images.xcassets in Resources */ = {isa = PBXBuildFile; fileRef = 0450964C1B9E0E150059BB7A /* Images.xcassets */; };
		0450965C1B9E0E150059BB7A /* Track_o_Bot_CompanionTests.swift in Sources */ = {isa = PBXBuildFile; fileRef = 0450965B1B9E0E150059BB7A /* Track_o_Bot_CompanionTests.swift */; };
		045096661B9E32370059BB7A /* TrackOBot.swift in Sources */ = {isa = PBXBuildFile; fileRef = 045096651B9E32370059BB7A /* TrackOBot.swift */; };
		0493A8C81BE03417006A5281 /* LoginViewController.swift in Sources */ = {isa = PBXBuildFile; fileRef = 0493A8C71BE03417006A5281 /* LoginViewController.swift */; };
		049826ED1C775E4900591C68 /* StatsViewController.swift in Sources */ = {isa = PBXBuildFile; fileRef = 049826EC1C775E4900591C68 /* StatsViewController.swift */; };
		04A4A9CC1BEC0D56009FFBF2 /* logo-golden.png in Resources */ = {isa = PBXBuildFile; fileRef = 04A4A9CB1BEC0D56009FFBF2 /* logo-golden.png */; };
		04B5E9C31B9F2A2300F99321 /* HistoryViewController.swift in Sources */ = {isa = PBXBuildFile; fileRef = 04B5E9C21B9F2A2300F99321 /* HistoryViewController.swift */; };
		04C41A021BA2E87600A01261 /* HeroPickerItem.swift in Sources */ = {isa = PBXBuildFile; fileRef = 04C41A011BA2E87600A01261 /* HeroPickerItem.swift */; };
/* End PBXBuildFile section */

/* Begin PBXContainerItemProxy section */
		045096561B9E0E150059BB7A /* PBXContainerItemProxy */ = {
			isa = PBXContainerItemProxy;
			containerPortal = 045096361B9E0E140059BB7A /* Project object */;
			proxyType = 1;
			remoteGlobalIDString = 0450963D1B9E0E140059BB7A;
			remoteInfo = "Track-o-Bot Companion";
		};
/* End PBXContainerItemProxy section */

/* Begin PBXFileReference section */
		0401D4B41BE2D90A007B5F39 /* TrackOBotViewController.swift */ = {isa = PBXFileReference; fileEncoding = 4; lastKnownFileType = sourcecode.swift; path = TrackOBotViewController.swift; sourceTree = "<group>"; };
		0416A05D1BA1780800F930FC /* ResultTableViewCell.swift */ = {isa = PBXFileReference; fileEncoding = 4; lastKnownFileType = sourcecode.swift; path = ResultTableViewCell.swift; sourceTree = "<group>"; };
		0446F0731BA1B26C00B73014 /* LaunchScreen.storyboard */ = {isa = PBXFileReference; fileEncoding = 4; lastKnownFileType = file.storyboard; path = LaunchScreen.storyboard; sourceTree = "<group>"; };
		0450963E1B9E0E140059BB7A /* Track-o-Bot Companion.app */ = {isa = PBXFileReference; explicitFileType = wrapper.application; includeInIndex = 0; path = "Track-o-Bot Companion.app"; sourceTree = BUILT_PRODUCTS_DIR; };
		045096421B9E0E150059BB7A /* Info.plist */ = {isa = PBXFileReference; lastKnownFileType = text.plist.xml; path = Info.plist; sourceTree = "<group>"; };
		045096431B9E0E150059BB7A /* AppDelegate.swift */ = {isa = PBXFileReference; lastKnownFileType = sourcecode.swift; path = AppDelegate.swift; sourceTree = "<group>"; };
		045096451B9E0E150059BB7A /* AddGameViewController.swift */ = {isa = PBXFileReference; lastKnownFileType = sourcecode.swift; path = AddGameViewController.swift; sourceTree = "<group>"; };
		045096471B9E0E150059BB7A /* AccountViewController.swift */ = {isa = PBXFileReference; lastKnownFileType = sourcecode.swift; path = AccountViewController.swift; sourceTree = "<group>"; };
		0450964A1B9E0E150059BB7A /* Base */ = {isa = PBXFileReference; lastKnownFileType = file.storyboard; name = Base; path = Base.lproj/Main.storyboard; sourceTree = "<group>"; };
		0450964C1B9E0E150059BB7A /* Images.xcassets */ = {isa = PBXFileReference; lastKnownFileType = folder.assetcatalog; path = Images.xcassets; sourceTree = "<group>"; };
		045096551B9E0E150059BB7A /* Track-o-Bot CompanionTests.xctest */ = {isa = PBXFileReference; explicitFileType = wrapper.cfbundle; includeInIndex = 0; path = "Track-o-Bot CompanionTests.xctest"; sourceTree = BUILT_PRODUCTS_DIR; };
		0450965A1B9E0E150059BB7A /* Info.plist */ = {isa = PBXFileReference; lastKnownFileType = text.plist.xml; path = Info.plist; sourceTree = "<group>"; };
		0450965B1B9E0E150059BB7A /* Track_o_Bot_CompanionTests.swift */ = {isa = PBXFileReference; lastKnownFileType = sourcecode.swift; path = Track_o_Bot_CompanionTests.swift; sourceTree = "<group>"; };
		045096651B9E32370059BB7A /* TrackOBot.swift */ = {isa = PBXFileReference; fileEncoding = 4; lastKnownFileType = sourcecode.swift; path = TrackOBot.swift; sourceTree = "<group>"; };
		0493A8C71BE03417006A5281 /* LoginViewController.swift */ = {isa = PBXFileReference; fileEncoding = 4; lastKnownFileType = sourcecode.swift; path = LoginViewController.swift; sourceTree = "<group>"; };
		049826EC1C775E4900591C68 /* StatsViewController.swift */ = {isa = PBXFileReference; fileEncoding = 4; lastKnownFileType = sourcecode.swift; path = StatsViewController.swift; sourceTree = "<group>"; };
		04A4A9CB1BEC0D56009FFBF2 /* logo-golden.png */ = {isa = PBXFileReference; lastKnownFileType = image.png; name = "logo-golden.png"; path = "Images.xcassets/logo-golden.imageset/logo-golden.png"; sourceTree = "<group>"; };
		04B5E9C21B9F2A2300F99321 /* HistoryViewController.swift */ = {isa = PBXFileReference; fileEncoding = 4; lastKnownFileType = sourcecode.swift; path = HistoryViewController.swift; sourceTree = "<group>"; };
		04C41A011BA2E87600A01261 /* HeroPickerItem.swift */ = {isa = PBXFileReference; fileEncoding = 4; lastKnownFileType = sourcecode.swift; path = HeroPickerItem.swift; sourceTree = "<group>"; };
/* End PBXFileReference section */

/* Begin PBXFrameworksBuildPhase section */
		0450963B1B9E0E140059BB7A /* Frameworks */ = {
			isa = PBXFrameworksBuildPhase;
			buildActionMask = 2147483647;
			files = (
			);
			runOnlyForDeploymentPostprocessing = 0;
		};
		045096521B9E0E150059BB7A /* Frameworks */ = {
			isa = PBXFrameworksBuildPhase;
			buildActionMask = 2147483647;
			files = (
			);
			runOnlyForDeploymentPostprocessing = 0;
		};
/* End PBXFrameworksBuildPhase section */

/* Begin PBXGroup section */
		045096351B9E0E140059BB7A = {
			isa = PBXGroup;
			children = (
				045096401B9E0E140059BB7A /* Track-o-Bot Companion */,
				045096581B9E0E150059BB7A /* Track-o-Bot CompanionTests */,
				0450963F1B9E0E140059BB7A /* Products */,
			);
			sourceTree = "<group>";
		};
		0450963F1B9E0E140059BB7A /* Products */ = {
			isa = PBXGroup;
			children = (
				0450963E1B9E0E140059BB7A /* Track-o-Bot Companion.app */,
				045096551B9E0E150059BB7A /* Track-o-Bot CompanionTests.xctest */,
			);
			name = Products;
			sourceTree = "<group>";
		};
		045096401B9E0E140059BB7A /* Track-o-Bot Companion */ = {
			isa = PBXGroup;
			children = (
				045096431B9E0E150059BB7A /* AppDelegate.swift */,
				045096451B9E0E150059BB7A /* AddGameViewController.swift */,
				045096471B9E0E150059BB7A /* AccountViewController.swift */,
				04B5E9C21B9F2A2300F99321 /* HistoryViewController.swift */,
				045096491B9E0E150059BB7A /* Main.storyboard */,
				0450964C1B9E0E150059BB7A /* Images.xcassets */,
				045096411B9E0E140059BB7A /* Supporting Files */,
				045096651B9E32370059BB7A /* TrackOBot.swift */,
				0416A05D1BA1780800F930FC /* ResultTableViewCell.swift */,
				0446F0731BA1B26C00B73014 /* LaunchScreen.storyboard */,
				04C41A011BA2E87600A01261 /* HeroPickerItem.swift */,
				0493A8C71BE03417006A5281 /* LoginViewController.swift */,
				0401D4B41BE2D90A007B5F39 /* TrackOBotViewController.swift */,
				049826EC1C775E4900591C68 /* StatsViewController.swift */,
			);
			path = "Track-o-Bot Companion";
			sourceTree = "<group>";
		};
		045096411B9E0E140059BB7A /* Supporting Files */ = {
			isa = PBXGroup;
			children = (
				04A4A9CB1BEC0D56009FFBF2 /* logo-golden.png */,
				045096421B9E0E150059BB7A /* Info.plist */,
			);
			name = "Supporting Files";
			sourceTree = "<group>";
		};
		045096581B9E0E150059BB7A /* Track-o-Bot CompanionTests */ = {
			isa = PBXGroup;
			children = (
				0450965B1B9E0E150059BB7A /* Track_o_Bot_CompanionTests.swift */,
				045096591B9E0E150059BB7A /* Supporting Files */,
			);
			path = "Track-o-Bot CompanionTests";
			sourceTree = "<group>";
		};
		045096591B9E0E150059BB7A /* Supporting Files */ = {
			isa = PBXGroup;
			children = (
				0450965A1B9E0E150059BB7A /* Info.plist */,
			);
			name = "Supporting Files";
			sourceTree = "<group>";
		};
/* End PBXGroup section */

/* Begin PBXNativeTarget section */
		0450963D1B9E0E140059BB7A /* Track-o-Bot Companion */ = {
			isa = PBXNativeTarget;
			buildConfigurationList = 0450965F1B9E0E150059BB7A /* Build configuration list for PBXNativeTarget "Track-o-Bot Companion" */;
			buildPhases = (
				0450963A1B9E0E140059BB7A /* Sources */,
				0450963B1B9E0E140059BB7A /* Frameworks */,
				0450963C1B9E0E140059BB7A /* Resources */,
			);
			buildRules = (
			);
			dependencies = (
			);
			name = "Track-o-Bot Companion";
			productName = "Track-o-Bot Companion";
			productReference = 0450963E1B9E0E140059BB7A /* Track-o-Bot Companion.app */;
			productType = "com.apple.product-type.application";
		};
		045096541B9E0E150059BB7A /* Track-o-Bot CompanionTests */ = {
			isa = PBXNativeTarget;
			buildConfigurationList = 045096621B9E0E150059BB7A /* Build configuration list for PBXNativeTarget "Track-o-Bot CompanionTests" */;
			buildPhases = (
				045096511B9E0E150059BB7A /* Sources */,
				045096521B9E0E150059BB7A /* Frameworks */,
				045096531B9E0E150059BB7A /* Resources */,
			);
			buildRules = (
			);
			dependencies = (
				045096571B9E0E150059BB7A /* PBXTargetDependency */,
			);
			name = "Track-o-Bot CompanionTests";
			productName = "Track-o-Bot CompanionTests";
			productReference = 045096551B9E0E150059BB7A /* Track-o-Bot CompanionTests.xctest */;
			productType = "com.apple.product-type.bundle.unit-test";
		};
/* End PBXNativeTarget section */

/* Begin PBXProject section */
		045096361B9E0E140059BB7A /* Project object */ = {
			isa = PBXProject;
			attributes = {
				LastSwiftUpdateCheck = 0700;
				LastUpgradeCheck = 0700;
				ORGANIZATIONNAME = "Julian Eberius";
				TargetAttributes = {
					0450963D1B9E0E140059BB7A = {
						CreatedOnToolsVersion = 6.4;
					};
					045096541B9E0E150059BB7A = {
						CreatedOnToolsVersion = 6.4;
						TestTargetID = 0450963D1B9E0E140059BB7A;
					};
				};
			};
			buildConfigurationList = 045096391B9E0E140059BB7A /* Build configuration list for PBXProject "Track-o-Bot Companion" */;
			compatibilityVersion = "Xcode 3.2";
			developmentRegion = English;
			hasScannedForEncodings = 0;
			knownRegions = (
				en,
				Base,
			);
			mainGroup = 045096351B9E0E140059BB7A;
			productRefGroup = 0450963F1B9E0E140059BB7A /* Products */;
			projectDirPath = "";
			projectRoot = "";
			targets = (
				0450963D1B9E0E140059BB7A /* Track-o-Bot Companion */,
				045096541B9E0E150059BB7A /* Track-o-Bot CompanionTests */,
			);
		};
/* End PBXProject section */

/* Begin PBXResourcesBuildPhase section */
		0450963C1B9E0E140059BB7A /* Resources */ = {
			isa = PBXResourcesBuildPhase;
			buildActionMask = 2147483647;
			files = (
				0450964B1B9E0E150059BB7A /* Main.storyboard in Resources */,
				04A4A9CC1BEC0D56009FFBF2 /* logo-golden.png in Resources */,
				0446F0741BA1B26C00B73014 /* LaunchScreen.storyboard in Resources */,
				0450964D1B9E0E150059BB7A /* Images.xcassets in Resources */,
			);
			runOnlyForDeploymentPostprocessing = 0;
		};
		045096531B9E0E150059BB7A /* Resources */ = {
			isa = PBXResourcesBuildPhase;
			buildActionMask = 2147483647;
			files = (
			);
			runOnlyForDeploymentPostprocessing = 0;
		};
/* End PBXResourcesBuildPhase section */

/* Begin PBXSourcesBuildPhase section */
		0450963A1B9E0E140059BB7A /* Sources */ = {
			isa = PBXSourcesBuildPhase;
			buildActionMask = 2147483647;
			files = (
				0401D4B51BE2D90A007B5F39 /* TrackOBotViewController.swift in Sources */,
				045096481B9E0E150059BB7A /* AccountViewController.swift in Sources */,
				04C41A021BA2E87600A01261 /* HeroPickerItem.swift in Sources */,
				049826ED1C775E4900591C68 /* StatsViewController.swift in Sources */,
				045096441B9E0E150059BB7A /* AppDelegate.swift in Sources */,
				045096461B9E0E150059BB7A /* AddGameViewController.swift in Sources */,
				0493A8C81BE03417006A5281 /* LoginViewController.swift in Sources */,
				04B5E9C31B9F2A2300F99321 /* HistoryViewController.swift in Sources */,
				0416A05E1BA1780800F930FC /* ResultTableViewCell.swift in Sources */,
				045096661B9E32370059BB7A /* TrackOBot.swift in Sources */,
			);
			runOnlyForDeploymentPostprocessing = 0;
		};
		045096511B9E0E150059BB7A /* Sources */ = {
			isa = PBXSourcesBuildPhase;
			buildActionMask = 2147483647;
			files = (
				0450965C1B9E0E150059BB7A /* Track_o_Bot_CompanionTests.swift in Sources */,
			);
			runOnlyForDeploymentPostprocessing = 0;
		};
/* End PBXSourcesBuildPhase section */

/* Begin PBXTargetDependency section */
		045096571B9E0E150059BB7A /* PBXTargetDependency */ = {
			isa = PBXTargetDependency;
			target = 0450963D1B9E0E140059BB7A /* Track-o-Bot Companion */;
			targetProxy = 045096561B9E0E150059BB7A /* PBXContainerItemProxy */;
		};
/* End PBXTargetDependency section */

/* Begin PBXVariantGroup section */
		045096491B9E0E150059BB7A /* Main.storyboard */ = {
			isa = PBXVariantGroup;
			children = (
				0450964A1B9E0E150059BB7A /* Base */,
			);
			name = Main.storyboard;
			sourceTree = "<group>";
		};
/* End PBXVariantGroup section */

/* Begin XCBuildConfiguration section */
		0450965D1B9E0E150059BB7A /* Debug */ = {
			isa = XCBuildConfiguration;
			buildSettings = {
				ALWAYS_SEARCH_USER_PATHS = NO;
				CLANG_CXX_LANGUAGE_STANDARD = "gnu++0x";
				CLANG_CXX_LIBRARY = "libc++";
				CLANG_ENABLE_MODULES = YES;
				CLANG_ENABLE_OBJC_ARC = YES;
				CLANG_WARN_BOOL_CONVERSION = YES;
				CLANG_WARN_CONSTANT_CONVERSION = YES;
				CLANG_WARN_DIRECT_OBJC_ISA_USAGE = YES_ERROR;
				CLANG_WARN_EMPTY_BODY = YES;
				CLANG_WARN_ENUM_CONVERSION = YES;
				CLANG_WARN_INT_CONVERSION = YES;
				CLANG_WARN_OBJC_ROOT_CLASS = YES_ERROR;
				CLANG_WARN_UNREACHABLE_CODE = YES;
				CLANG_WARN__DUPLICATE_METHOD_MATCH = YES;
				CODE_SIGN_IDENTITY = "iPhone Developer";
				"CODE_SIGN_IDENTITY[sdk=iphoneos*]" = "iPhone Developer";
				COPY_PHASE_STRIP = NO;
				DEBUG_INFORMATION_FORMAT = "dwarf-with-dsym";
				ENABLE_STRICT_OBJC_MSGSEND = YES;
				ENABLE_TESTABILITY = YES;
				GCC_C_LANGUAGE_STANDARD = gnu99;
				GCC_DYNAMIC_NO_PIC = NO;
				GCC_NO_COMMON_BLOCKS = YES;
				GCC_OPTIMIZATION_LEVEL = 0;
				GCC_PREPROCESSOR_DEFINITIONS = (
					"DEBUG=1",
					"$(inherited)",
				);
				GCC_SYMBOLS_PRIVATE_EXTERN = NO;
				GCC_WARN_64_TO_32_BIT_CONVERSION = YES;
				GCC_WARN_ABOUT_RETURN_TYPE = YES_ERROR;
				GCC_WARN_UNDECLARED_SELECTOR = YES;
				GCC_WARN_UNINITIALIZED_AUTOS = YES_AGGRESSIVE;
				GCC_WARN_UNUSED_FUNCTION = YES;
				GCC_WARN_UNUSED_VARIABLE = YES;
				IPHONEOS_DEPLOYMENT_TARGET = 8.4;
				MTL_ENABLE_DEBUG_INFO = YES;
				ONLY_ACTIVE_ARCH = YES;
				SDKROOT = iphoneos;
				SWIFT_OPTIMIZATION_LEVEL = "-Onone";
				TARGETED_DEVICE_FAMILY = "1,2";
			};
			name = Debug;
		};
		0450965E1B9E0E150059BB7A /* Release */ = {
			isa = XCBuildConfiguration;
			buildSettings = {
				ALWAYS_SEARCH_USER_PATHS = NO;
				CLANG_CXX_LANGUAGE_STANDARD = "gnu++0x";
				CLANG_CXX_LIBRARY = "libc++";
				CLANG_ENABLE_MODULES = YES;
				CLANG_ENABLE_OBJC_ARC = YES;
				CLANG_WARN_BOOL_CONVERSION = YES;
				CLANG_WARN_CONSTANT_CONVERSION = YES;
				CLANG_WARN_DIRECT_OBJC_ISA_USAGE = YES_ERROR;
				CLANG_WARN_EMPTY_BODY = YES;
				CLANG_WARN_ENUM_CONVERSION = YES;
				CLANG_WARN_INT_CONVERSION = YES;
				CLANG_WARN_OBJC_ROOT_CLASS = YES_ERROR;
				CLANG_WARN_UNREACHABLE_CODE = YES;
				CLANG_WARN__DUPLICATE_METHOD_MATCH = YES;
				CODE_SIGN_IDENTITY = "iPhone Developer";
				"CODE_SIGN_IDENTITY[sdk=iphoneos*]" = "iPhone Developer";
				COPY_PHASE_STRIP = NO;
				DEBUG_INFORMATION_FORMAT = "dwarf-with-dsym";
				ENABLE_NS_ASSERTIONS = NO;
				ENABLE_STRICT_OBJC_MSGSEND = YES;
				GCC_C_LANGUAGE_STANDARD = gnu99;
				GCC_NO_COMMON_BLOCKS = YES;
				GCC_WARN_64_TO_32_BIT_CONVERSION = YES;
				GCC_WARN_ABOUT_RETURN_TYPE = YES_ERROR;
				GCC_WARN_UNDECLARED_SELECTOR = YES;
				GCC_WARN_UNINITIALIZED_AUTOS = YES_AGGRESSIVE;
				GCC_WARN_UNUSED_FUNCTION = YES;
				GCC_WARN_UNUSED_VARIABLE = YES;
				IPHONEOS_DEPLOYMENT_TARGET = 8.4;
				MTL_ENABLE_DEBUG_INFO = NO;
				SDKROOT = iphoneos;
				TARGETED_DEVICE_FAMILY = "1,2";
				VALIDATE_PRODUCT = YES;
			};
			name = Release;
		};
		045096601B9E0E150059BB7A /* Debug */ = {
			isa = XCBuildConfiguration;
			buildSettings = {
				ASSETCATALOG_COMPILER_APPICON_NAME = AppIcon;
				CODE_SIGN_IDENTITY = "iPhone Developer";
				"CODE_SIGN_IDENTITY[sdk=iphoneos*]" = "iPhone Developer";
				INFOPLIST_FILE = "Track-o-Bot Companion/Info.plist";
				IPHONEOS_DEPLOYMENT_TARGET = 9.0;
				LD_RUNPATH_SEARCH_PATHS = "$(inherited) @executable_path/Frameworks";
				PRODUCT_BUNDLE_IDENTIFIER = "com.github.julianeberius.$(PRODUCT_NAME:rfc1034identifier)";
				PRODUCT_NAME = "$(TARGET_NAME)";
				PROVISIONING_PROFILE = "";
			};
			name = Debug;
		};
		045096611B9E0E150059BB7A /* Release */ = {
			isa = XCBuildConfiguration;
			buildSettings = {
				ASSETCATALOG_COMPILER_APPICON_NAME = AppIcon;
				CODE_SIGN_IDENTITY = "iPhone Developer";
				"CODE_SIGN_IDENTITY[sdk=iphoneos*]" = "iPhone Developer";
				INFOPLIST_FILE = "Track-o-Bot Companion/Info.plist";
				IPHONEOS_DEPLOYMENT_TARGET = 9.0;
				LD_RUNPATH_SEARCH_PATHS = "$(inherited) @executable_path/Frameworks";
				PRODUCT_BUNDLE_IDENTIFIER = "com.github.julianeberius.$(PRODUCT_NAME:rfc1034identifier)";
				PRODUCT_NAME = "$(TARGET_NAME)";
				PROVISIONING_PROFILE = "";
			};
			name = Release;
		};
		045096631B9E0E150059BB7A /* Debug */ = {
			isa = XCBuildConfiguration;
			buildSettings = {
				GCC_PREPROCESSOR_DEFINITIONS = (
					"DEBUG=1",
					"$(inherited)",
				);
				INFOPLIST_FILE = "Track-o-Bot CompanionTests/Info.plist";
				LD_RUNPATH_SEARCH_PATHS = "$(inherited) @executable_path/Frameworks @loader_path/Frameworks";
				PRODUCT_BUNDLE_IDENTIFIER = "com.github.julianeberius.$(PRODUCT_NAME:rfc1034identifier)";
				PRODUCT_NAME = "$(TARGET_NAME)";
				TEST_HOST = "$(BUILT_PRODUCTS_DIR)/Track-o-Bot Companion.app/Track-o-Bot Companion";
			};
			name = Debug;
		};
		045096641B9E0E150059BB7A /* Release */ = {
			isa = XCBuildConfiguration;
			buildSettings = {
				INFOPLIST_FILE = "Track-o-Bot CompanionTests/Info.plist";
				LD_RUNPATH_SEARCH_PATHS = "$(inherited) @executable_path/Frameworks @loader_path/Frameworks";
				PRODUCT_BUNDLE_IDENTIFIER = "com.github.julianeberius.$(PRODUCT_NAME:rfc1034identifier)";
				PRODUCT_NAME = "$(TARGET_NAME)";
				TEST_HOST = "$(BUILT_PRODUCTS_DIR)/Track-o-Bot Companion.app/Track-o-Bot Companion";
			};
			name = Release;
		};
/* End XCBuildConfiguration section */

/* Begin XCConfigurationList section */
		045096391B9E0E140059BB7A /* Build configuration list for PBXProject "Track-o-Bot Companion" */ = {
			isa = XCConfigurationList;
			buildConfigurations = (
				0450965D1B9E0E150059BB7A /* Debug */,
				0450965E1B9E0E150059BB7A /* Release */,
			);
			defaultConfigurationIsVisible = 0;
			defaultConfigurationName = Release;
		};
		0450965F1B9E0E150059BB7A /* Build configuration list for PBXNativeTarget "Track-o-Bot Companion" */ = {
			isa = XCConfigurationList;
			buildConfigurations = (
				045096601B9E0E150059BB7A /* Debug */,
				045096611B9E0E150059BB7A /* Release */,
			);
			defaultConfigurationIsVisible = 0;
			defaultConfigurationName = Release;
		};
		045096621B9E0E150059BB7A /* Build configuration list for PBXNativeTarget "Track-o-Bot CompanionTests" */ = {
			isa = XCConfigurationList;
			buildConfigurations = (
				045096631B9E0E150059BB7A /* Debug */,
				045096641B9E0E150059BB7A /* Release */,
			);
			defaultConfigurationIsVisible = 0;
			defaultConfigurationName = Release;
		};
/* End XCConfigurationList section */
	};
	rootObject = 045096361B9E0E140059BB7A /* Project object */;
}
